
Microsoft Visual Studio Solution File, Format Version 12.00
# Visual Studio 14
VisualStudioVersion = 14.0.25420.1
MinimumVisualStudioVersion = 10.0.40219.1
Project("{FAE04EC0-301F-11D3-BF4B-00C04F79EFBC}") = "Server", "Server\Server.csproj", "{B84EB243-BCA6-4DA9-913B-49E70EBC7D95}"
EndProject
Project("{FAE04EC0-301F-11D3-BF4B-00C04F79EFBC}") = "Client", "Client\Client.csproj", "{6CB8DA74-DFA3-4C57-928D-29CCCCE497D4}"
EndProject
Project("{D954291E-2A0B-460D-934E-DC6B0785DB48}") = "SharedCode", "test\SharedCode.shproj", "{36BD8320-08A1-44F0-BF35-A9241CC80AAF}"
EndProject
Global
	GlobalSection(SharedMSBuildProjectFiles) = preSolution
		test\test.projitems*{36bd8320-08a1-44f0-bf35-a9241cc80aaf}*SharedItemsImports = 13
		test\test.projitems*{b84eb243-bca6-4da9-913b-49e70ebc7d95}*SharedItemsImports = 4
	EndGlobalSection
	GlobalSection(SolutionConfigurationPlatforms) = preSolution
		Debug|Any CPU = Debug|Any CPU
		Release|Any CPU = Release|Any CPU
	EndGlobalSection
	GlobalSection(ProjectConfigurationPlatforms) = postSolution
		{B84EB243-BCA6-4DA9-913B-49E70EBC7D95}.Debug|Any CPU.ActiveCfg = Debug|Any CPU
		{B84EB243-BCA6-4DA9-913B-49E70EBC7D95}.Debug|Any CPU.Build.0 = Debug|Any CPU
		{B84EB243-BCA6-4DA9-913B-49E70EBC7D95}.Release|Any CPU.ActiveCfg = Release|Any CPU
		{B84EB243-BCA6-4DA9-913B-49E70EBC7D95}.Release|Any CPU.Build.0 = Release|Any CPU
		{6CB8DA74-DFA3-4C57-928D-29CCCCE497D4}.Debug|Any CPU.ActiveCfg = Debug|Any CPU
		{6CB8DA74-DFA3-4C57-928D-29CCCCE497D4}.Debug|Any CPU.Build.0 = Debug|Any CPU
		{6CB8DA74-DFA3-4C57-928D-29CCCCE497D4}.Release|Any CPU.ActiveCfg = Release|Any CPU
		{6CB8DA74-DFA3-4C57-928D-29CCCCE497D4}.Release|Any CPU.Build.0 = Release|Any CPU
	EndGlobalSection
	GlobalSection(SolutionProperties) = preSolution
		HideSolutionNode = FALSE
	EndGlobalSection
EndGlobal
